// !$*UTF8*$!
{
	archiveVersion = 1;
	classes = {
	};
	objectVersion = 46;
	objects = {

/* Begin PBXBuildFile section */
		7E9700E81EF1BD6D0059B0EC /* AppDelegate.swift in Sources */ = {isa = PBXBuildFile; fileRef = 7E9700E71EF1BD6D0059B0EC /* AppDelegate.swift */; };
		7E9700EA1EF1BD6D0059B0EC /* ViewController.swift in Sources */ = {isa = PBXBuildFile; fileRef = 7E9700E91EF1BD6D0059B0EC /* ViewController.swift */; };
		7E9700ED1EF1BD6D0059B0EC /* Main.storyboard in Resources */ = {isa = PBXBuildFile; fileRef = 7E9700EB1EF1BD6D0059B0EC /* Main.storyboard */; };
		7E9700F21EF1BD6D0059B0EC /* LaunchScreen.storyboard in Resources */ = {isa = PBXBuildFile; fileRef = 7E9700F01EF1BD6D0059B0EC /* LaunchScreen.storyboard */; };
		7E9700FD1EF1BD6D0059B0EC /* RAMAnimatedTabBarDemoTests.swift in Sources */ = {isa = PBXBuildFile; fileRef = 7E9700FC1EF1BD6D0059B0EC /* RAMAnimatedTabBarDemoTests.swift */; };
		7E9701081EF1BD6D0059B0EC /* RAMAnimatedTabBarDemoUITests.swift in Sources */ = {isa = PBXBuildFile; fileRef = 7E9701071EF1BD6D0059B0EC /* RAMAnimatedTabBarDemoUITests.swift */; };
		7E9701471EF1BDE40059B0EC /* Info.plist in Resources */ = {isa = PBXBuildFile; fileRef = 7E9701451EF1BDE40059B0EC /* Info.plist */; };
		7E9701581EF1BE100059B0EC /* RAMBounceAnimation.swift in Sources */ = {isa = PBXBuildFile; fileRef = 7E97014B1EF1BE100059B0EC /* RAMBounceAnimation.swift */; };
		7E9701591EF1BE100059B0EC /* RAMFrameItemAnimation.swift in Sources */ = {isa = PBXBuildFile; fileRef = 7E97014D1EF1BE100059B0EC /* RAMFrameItemAnimation.swift */; };
		7E97015A1EF1BE100059B0EC /* RAMFumeAnimation.swift in Sources */ = {isa = PBXBuildFile; fileRef = 7E97014F1EF1BE100059B0EC /* RAMFumeAnimation.swift */; };
		7E97015B1EF1BE100059B0EC /* RAMRotationAnimation.swift in Sources */ = {isa = PBXBuildFile; fileRef = 7E9701511EF1BE100059B0EC /* RAMRotationAnimation.swift */; };
		7E97015C1EF1BE100059B0EC /* RAMTransitionItemAnimations.swift in Sources */ = {isa = PBXBuildFile; fileRef = 7E9701531EF1BE100059B0EC /* RAMTransitionItemAnimations.swift */; };
		7E97015D1EF1BE100059B0EC /* RAMAnimatedTabBarController.swift in Sources */ = {isa = PBXBuildFile; fileRef = 7E9701541EF1BE100059B0EC /* RAMAnimatedTabBarController.swift */; };
		7E97015E1EF1BE100059B0EC /* RAMBadge.swift in Sources */ = {isa = PBXBuildFile; fileRef = 7E9701561EF1BE100059B0EC /* RAMBadge.swift */; };
		7E97015F1EF1BE100059B0EC /* RAMItemAnimationProtocol.swift in Sources */ = {isa = PBXBuildFile; fileRef = 7E9701571EF1BE100059B0EC /* RAMItemAnimationProtocol.swift */; };
		7E9701611EF1BED10059B0EC /* Images.xcassets in Resources */ = {isa = PBXBuildFile; fileRef = 7E9701601EF1BED10059B0EC /* Images.xcassets */; };
		7E9701641EF1BF820059B0EC /* ToolsAnimation.plist in Resources */ = {isa = PBXBuildFile; fileRef = 7E9701631EF1BF820059B0EC /* ToolsAnimation.plist */; };
/* End PBXBuildFile section */

/* Begin PBXContainerItemProxy section */
		7E9700F91EF1BD6D0059B0EC /* PBXContainerItemProxy */ = {
			isa = PBXContainerItemProxy;
			containerPortal = 7E9700DC1EF1BD6D0059B0EC /* Project object */;
			proxyType = 1;
			remoteGlobalIDString = 7E9700E31EF1BD6D0059B0EC;
			remoteInfo = RAMAnimatedTabBarDemo;
		};
		7E9701041EF1BD6D0059B0EC /* PBXContainerItemProxy */ = {
			isa = PBXContainerItemProxy;
			containerPortal = 7E9700DC1EF1BD6D0059B0EC /* Project object */;
			proxyType = 1;
			remoteGlobalIDString = 7E9700E31EF1BD6D0059B0EC;
			remoteInfo = RAMAnimatedTabBarDemo;
		};
/* End PBXContainerItemProxy section */

/* Begin PBXFileReference section */
		7E9700E41EF1BD6D0059B0EC /* AnimatedTabBarDemo.app */ = {isa = PBXFileReference; explicitFileType = wrapper.application; includeInIndex = 0; path = AnimatedTabBarDemo.app; sourceTree = BUILT_PRODUCTS_DIR; };
		7E9700E71EF1BD6D0059B0EC /* AppDelegate.swift */ = {isa = PBXFileReference; lastKnownFileType = sourcecode.swift; path = AppDelegate.swift; sourceTree = "<group>"; };
		7E9700E91EF1BD6D0059B0EC /* ViewController.swift */ = {isa = PBXFileReference; lastKnownFileType = sourcecode.swift; path = ViewController.swift; sourceTree = "<group>"; };
		7E9700EC1EF1BD6D0059B0EC /* Base */ = {isa = PBXFileReference; lastKnownFileType = file.storyboard; name = Base; path = Base.lproj/Main.storyboard; sourceTree = "<group>"; };
		7E9700F11EF1BD6D0059B0EC /* Base */ = {isa = PBXFileReference; lastKnownFileType = file.storyboard; name = Base; path = Base.lproj/LaunchScreen.storyboard; sourceTree = "<group>"; };
		7E9700F31EF1BD6D0059B0EC /* Info.plist */ = {isa = PBXFileReference; lastKnownFileType = text.plist.xml; path = Info.plist; sourceTree = "<group>"; };
		7E9700F81EF1BD6D0059B0EC /* AnimatedTabBarDemoTests.xctest */ = {isa = PBXFileReference; explicitFileType = wrapper.cfbundle; includeInIndex = 0; path = AnimatedTabBarDemoTests.xctest; sourceTree = BUILT_PRODUCTS_DIR; };
		7E9700FC1EF1BD6D0059B0EC /* RAMAnimatedTabBarDemoTests.swift */ = {isa = PBXFileReference; lastKnownFileType = sourcecode.swift; path = RAMAnimatedTabBarDemoTests.swift; sourceTree = "<group>"; };
		7E9700FE1EF1BD6D0059B0EC /* Info.plist */ = {isa = PBXFileReference; lastKnownFileType = text.plist.xml; path = Info.plist; sourceTree = "<group>"; };
		7E9701031EF1BD6D0059B0EC /* AnimatedTabBarDemoUITests.xctest */ = {isa = PBXFileReference; explicitFileType = wrapper.cfbundle; includeInIndex = 0; path = AnimatedTabBarDemoUITests.xctest; sourceTree = BUILT_PRODUCTS_DIR; };
		7E9701071EF1BD6D0059B0EC /* RAMAnimatedTabBarDemoUITests.swift */ = {isa = PBXFileReference; lastKnownFileType = sourcecode.swift; path = RAMAnimatedTabBarDemoUITests.swift; sourceTree = "<group>"; };
		7E9701091EF1BD6D0059B0EC /* Info.plist */ = {isa = PBXFileReference; lastKnownFileType = text.plist.xml; path = Info.plist; sourceTree = "<group>"; };
		7E9701421EF1BDAA0059B0EC /* AnimatedTabBar.h */ = {isa = PBXFileReference; fileEncoding = 4; lastKnownFileType = sourcecode.c.h; path = AnimatedTabBar.h; sourceTree = "<group>"; };
		7E9701451EF1BDE40059B0EC /* Info.plist */ = {isa = PBXFileReference; fileEncoding = 4; lastKnownFileType = text.plist.xml; path = Info.plist; sourceTree = "<group>"; };
		7E9701461EF1BDE40059B0EC /* TabBarLib.h */ = {isa = PBXFileReference; fileEncoding = 4; lastKnownFileType = sourcecode.c.h; path = TabBarLib.h; sourceTree = "<group>"; };
		7E97014B1EF1BE100059B0EC /* RAMBounceAnimation.swift */ = {isa = PBXFileReference; fileEncoding = 4; lastKnownFileType = sourcecode.swift; path = RAMBounceAnimation.swift; sourceTree = "<group>"; };
		7E97014D1EF1BE100059B0EC /* RAMFrameItemAnimation.swift */ = {isa = PBXFileReference; fileEncoding = 4; lastKnownFileType = sourcecode.swift; path = RAMFrameItemAnimation.swift; sourceTree = "<group>"; };
		7E97014F1EF1BE100059B0EC /* RAMFumeAnimation.swift */ = {isa = PBXFileReference; fileEncoding = 4; lastKnownFileType = sourcecode.swift; path = RAMFumeAnimation.swift; sourceTree = "<group>"; };
		7E9701511EF1BE100059B0EC /* RAMRotationAnimation.swift */ = {isa = PBXFileReference; fileEncoding = 4; lastKnownFileType = sourcecode.swift; path = RAMRotationAnimation.swift; sourceTree = "<group>"; };
		7E9701531EF1BE100059B0EC /* RAMTransitionItemAnimations.swift */ = {isa = PBXFileReference; fileEncoding = 4; lastKnownFileType = sourcecode.swift; path = RAMTransitionItemAnimations.swift; sourceTree = "<group>"; };
		7E9701541EF1BE100059B0EC /* RAMAnimatedTabBarController.swift */ = {isa = PBXFileReference; fileEncoding = 4; lastKnownFileType = sourcecode.swift; path = RAMAnimatedTabBarController.swift; sourceTree = "<group>"; };
		7E9701561EF1BE100059B0EC /* RAMBadge.swift */ = {isa = PBXFileReference; fileEncoding = 4; lastKnownFileType = sourcecode.swift; path = RAMBadge.swift; sourceTree = "<group>"; };
		7E9701571EF1BE100059B0EC /* RAMItemAnimationProtocol.swift */ = {isa = PBXFileReference; fileEncoding = 4; lastKnownFileType = sourcecode.swift; path = RAMItemAnimationProtocol.swift; sourceTree = "<group>"; };
		7E9701601EF1BED10059B0EC /* Images.xcassets */ = {isa = PBXFileReference; lastKnownFileType = folder.assetcatalog; name = Images.xcassets; path = "../../../Downloads/animated-tab-bar-master/RAMAnimatedTabBarDemo/RAMAnimatedTabBarDemo/Images.xcassets"; sourceTree = "<group>"; };
		7E9701631EF1BF820059B0EC /* ToolsAnimation.plist */ = {isa = PBXFileReference; fileEncoding = 4; lastKnownFileType = text.plist.xml; path = ToolsAnimation.plist; sourceTree = "<group>"; };
/* End PBXFileReference section */

/* Begin PBXFrameworksBuildPhase section */
		7E9700E11EF1BD6D0059B0EC /* Frameworks */ = {
			isa = PBXFrameworksBuildPhase;
			buildActionMask = 2147483647;
			files = (
			);
			runOnlyForDeploymentPostprocessing = 0;
		};
		7E9700F51EF1BD6D0059B0EC /* Frameworks */ = {
			isa = PBXFrameworksBuildPhase;
			buildActionMask = 2147483647;
			files = (
			);
			runOnlyForDeploymentPostprocessing = 0;
		};
		7E9701001EF1BD6D0059B0EC /* Frameworks */ = {
			isa = PBXFrameworksBuildPhase;
			buildActionMask = 2147483647;
			files = (
			);
			runOnlyForDeploymentPostprocessing = 0;
		};
/* End PBXFrameworksBuildPhase section */

/* Begin PBXGroup section */
		7E9700DB1EF1BD6D0059B0EC = {
			isa = PBXGroup;
			children = (
				7E9701481EF1BE100059B0EC /* AnimatedTabBarController */,
				7E9701441EF1BDE40059B0EC /* TabBarLib */,
				7E9700E51EF1BD6D0059B0EC /* Products */,
				7E9701431EF1BDAA0059B0EC /* AnimatedTabBar */,
				7E9700FB1EF1BD6D0059B0EC /* AnimatedTabBarDemoTests */,
				7E9700E61EF1BD6D0059B0EC /* AnimatedTabBarDemo */,
				7E9701061EF1BD6D0059B0EC /* AnimatedTabBarDemoUITests */,
			);
			sourceTree = "<group>";
		};
		7E9700E51EF1BD6D0059B0EC /* Products */ = {
			isa = PBXGroup;
			children = (
				7E9700E41EF1BD6D0059B0EC /* AnimatedTabBarDemo.app */,
				7E9700F81EF1BD6D0059B0EC /* AnimatedTabBarDemoTests.xctest */,
				7E9701031EF1BD6D0059B0EC /* AnimatedTabBarDemoUITests.xctest */,
			);
			name = Products;
			sourceTree = "<group>";
		};
		7E9700E61EF1BD6D0059B0EC /* AnimatedTabBarDemo */ = {
			isa = PBXGroup;
			children = (
				7E9701621EF1BF820059B0EC /* Resources */,
				7E9701601EF1BED10059B0EC /* Images.xcassets */,
				7E9700E71EF1BD6D0059B0EC /* AppDelegate.swift */,
				7E9700E91EF1BD6D0059B0EC /* ViewController.swift */,
				7E9700EB1EF1BD6D0059B0EC /* Main.storyboard */,
				7E9700F01EF1BD6D0059B0EC /* LaunchScreen.storyboard */,
				7E9700F31EF1BD6D0059B0EC /* Info.plist */,
			);
			name = AnimatedTabBarDemo;
			path = RAMAnimatedTabBarDemo;
			sourceTree = "<group>";
		};
		7E9700FB1EF1BD6D0059B0EC /* AnimatedTabBarDemoTests */ = {
			isa = PBXGroup;
			children = (
				7E9700FC1EF1BD6D0059B0EC /* RAMAnimatedTabBarDemoTests.swift */,
				7E9700FE1EF1BD6D0059B0EC /* Info.plist */,
			);
			name = AnimatedTabBarDemoTests;
			path = RAMAnimatedTabBarDemoTests;
			sourceTree = "<group>";
		};
		7E9701061EF1BD6D0059B0EC /* AnimatedTabBarDemoUITests */ = {
			isa = PBXGroup;
			children = (
				7E9701071EF1BD6D0059B0EC /* RAMAnimatedTabBarDemoUITests.swift */,
				7E9701091EF1BD6D0059B0EC /* Info.plist */,
			);
			name = AnimatedTabBarDemoUITests;
			path = RAMAnimatedTabBarDemoUITests;
			sourceTree = "<group>";
		};
		7E9701431EF1BDAA0059B0EC /* AnimatedTabBar */ = {
			isa = PBXGroup;
			children = (
				7E9701421EF1BDAA0059B0EC /* AnimatedTabBar.h */,
			);
			name = AnimatedTabBar;
			path = "../../Downloads/animated-tab-bar-master/RAMAnimatedTabBarDemo/AnimatedTabBar";
			sourceTree = "<group>";
		};
		7E9701441EF1BDE40059B0EC /* TabBarLib */ = {
			isa = PBXGroup;
			children = (
				7E9701451EF1BDE40059B0EC /* Info.plist */,
				7E9701461EF1BDE40059B0EC /* TabBarLib.h */,
			);
			name = TabBarLib;
			path = "../../Downloads/animated-tab-bar-master/RAMAnimatedTabBarDemo/TabBarLib";
			sourceTree = "<group>";
		};
		7E9701481EF1BE100059B0EC /* AnimatedTabBarController */ = {
			isa = PBXGroup;
			children = (
				7E9701491EF1BE100059B0EC /* Animations */,
				7E9701541EF1BE100059B0EC /* RAMAnimatedTabBarController.swift */,
				7E9701551EF1BE100059B0EC /* RAMBadge */,
				7E9701571EF1BE100059B0EC /* RAMItemAnimationProtocol.swift */,
			);
			name = AnimatedTabBarController;
			path = "../../Downloads/animated-tab-bar-master/RAMAnimatedTabBarController";
			sourceTree = "<group>";
		};
		7E9701491EF1BE100059B0EC /* Animations */ = {
			isa = PBXGroup;
			children = (
				7E97014A1EF1BE100059B0EC /* BounceAnimation */,
				7E97014C1EF1BE100059B0EC /* FrameAnimation */,
				7E97014E1EF1BE100059B0EC /* FumeAnimation */,
				7E9701501EF1BE100059B0EC /* RotationAnimation */,
				7E9701521EF1BE100059B0EC /* TransitionAniamtions */,
			);
			path = Animations;
			sourceTree = "<group>";
		};
		7E97014A1EF1BE100059B0EC /* BounceAnimation */ = {
			isa = PBXGroup;
			children = (
				7E97014B1EF1BE100059B0EC /* RAMBounceAnimation.swift */,
			);
			path = BounceAnimation;
			sourceTree = "<group>";
		};
		7E97014C1EF1BE100059B0EC /* FrameAnimation */ = {
			isa = PBXGroup;
			children = (
				7E97014D1EF1BE100059B0EC /* RAMFrameItemAnimation.swift */,
			);
			path = FrameAnimation;
			sourceTree = "<group>";
		};
		7E97014E1EF1BE100059B0EC /* FumeAnimation */ = {
			isa = PBXGroup;
			children = (
				7E97014F1EF1BE100059B0EC /* RAMFumeAnimation.swift */,
			);
			path = FumeAnimation;
			sourceTree = "<group>";
		};
		7E9701501EF1BE100059B0EC /* RotationAnimation */ = {
			isa = PBXGroup;
			children = (
				7E9701511EF1BE100059B0EC /* RAMRotationAnimation.swift */,
			);
			path = RotationAnimation;
			sourceTree = "<group>";
		};
		7E9701521EF1BE100059B0EC /* TransitionAniamtions */ = {
			isa = PBXGroup;
			children = (
				7E9701531EF1BE100059B0EC /* RAMTransitionItemAnimations.swift */,
			);
			path = TransitionAniamtions;
			sourceTree = "<group>";
		};
		7E9701551EF1BE100059B0EC /* RAMBadge */ = {
			isa = PBXGroup;
			children = (
				7E9701561EF1BE100059B0EC /* RAMBadge.swift */,
			);
			path = RAMBadge;
			sourceTree = "<group>";
		};
		7E9701621EF1BF820059B0EC /* Resources */ = {
			isa = PBXGroup;
			children = (
				7E9701631EF1BF820059B0EC /* ToolsAnimation.plist */,
			);
			name = Resources;
			path = "../../../Downloads/animated-tab-bar-master/RAMAnimatedTabBarDemo/RAMAnimatedTabBarDemo/Resources";
			sourceTree = "<group>";
		};
/* End PBXGroup section */

/* Begin PBXNativeTarget section */
		7E9700E31EF1BD6D0059B0EC /* AnimatedTabBarDemo */ = {
			isa = PBXNativeTarget;
			buildConfigurationList = 7E97010C1EF1BD6D0059B0EC /* Build configuration list for PBXNativeTarget "AnimatedTabBarDemo" */;
			buildPhases = (
				7E9700E01EF1BD6D0059B0EC /* Sources */,
				7E9700E11EF1BD6D0059B0EC /* Frameworks */,
				7E9700E21EF1BD6D0059B0EC /* Resources */,
			);
			buildRules = (
			);
			dependencies = (
			);
			name = AnimatedTabBarDemo;
			productName = RAMAnimatedTabBarDemo;
			productReference = 7E9700E41EF1BD6D0059B0EC /* AnimatedTabBarDemo.app */;
			productType = "com.apple.product-type.application";
		};
		7E9700F71EF1BD6D0059B0EC /* AnimatedTabBarDemoTests */ = {
			isa = PBXNativeTarget;
			buildConfigurationList = 7E97010F1EF1BD6D0059B0EC /* Build configuration list for PBXNativeTarget "AnimatedTabBarDemoTests" */;
			buildPhases = (
				7E9700F41EF1BD6D0059B0EC /* Sources */,
				7E9700F51EF1BD6D0059B0EC /* Frameworks */,
				7E9700F61EF1BD6D0059B0EC /* Resources */,
			);
			buildRules = (
			);
			dependencies = (
				7E9700FA1EF1BD6D0059B0EC /* PBXTargetDependency */,
			);
			name = AnimatedTabBarDemoTests;
			productName = RAMAnimatedTabBarDemoTests;
			productReference = 7E9700F81EF1BD6D0059B0EC /* AnimatedTabBarDemoTests.xctest */;
			productType = "com.apple.product-type.bundle.unit-test";
		};
		7E9701021EF1BD6D0059B0EC /* AnimatedTabBarDemoUITests */ = {
			isa = PBXNativeTarget;
			buildConfigurationList = 7E9701121EF1BD6D0059B0EC /* Build configuration list for PBXNativeTarget "AnimatedTabBarDemoUITests" */;
			buildPhases = (
				7E9700FF1EF1BD6D0059B0EC /* Sources */,
				7E9701001EF1BD6D0059B0EC /* Frameworks */,
				7E9701011EF1BD6D0059B0EC /* Resources */,
			);
			buildRules = (
			);
			dependencies = (
				7E9701051EF1BD6D0059B0EC /* PBXTargetDependency */,
			);
			name = AnimatedTabBarDemoUITests;
			productName = RAMAnimatedTabBarDemoUITests;
			productReference = 7E9701031EF1BD6D0059B0EC /* AnimatedTabBarDemoUITests.xctest */;
			productType = "com.apple.product-type.bundle.ui-testing";
		};
/* End PBXNativeTarget section */

/* Begin PBXProject section */
		7E9700DC1EF1BD6D0059B0EC /* Project object */ = {
			isa = PBXProject;
			attributes = {
				LastSwiftUpdateCheck = 0830;
				LastUpgradeCheck = 0830;
				ORGANIZATIONNAME = "Gamy Malasarte";
				TargetAttributes = {
					7E9700E31EF1BD6D0059B0EC = {
						CreatedOnToolsVersion = 8.3.3;
						DevelopmentTeam = U47Q3369SJ;
						ProvisioningStyle = Automatic;
					};
					7E9700F71EF1BD6D0059B0EC = {
						CreatedOnToolsVersion = 8.3.3;
						DevelopmentTeam = U47Q3369SJ;
						ProvisioningStyle = Automatic;
						TestTargetID = 7E9700E31EF1BD6D0059B0EC;
					};
					7E9701021EF1BD6D0059B0EC = {
						CreatedOnToolsVersion = 8.3.3;
						DevelopmentTeam = U47Q3369SJ;
						ProvisioningStyle = Automatic;
						TestTargetID = 7E9700E31EF1BD6D0059B0EC;
					};
				};
			};
			buildConfigurationList = 7E9700DF1EF1BD6D0059B0EC /* Build configuration list for PBXProject "AnimatedTabBarDemo" */;
			compatibilityVersion = "Xcode 3.2";
			developmentRegion = English;
			hasScannedForEncodings = 0;
			knownRegions = (
				en,
				Base,
			);
			mainGroup = 7E9700DB1EF1BD6D0059B0EC;
			productRefGroup = 7E9700E51EF1BD6D0059B0EC /* Products */;
			projectDirPath = "";
			projectRoot = "";
			targets = (
				7E9700E31EF1BD6D0059B0EC /* AnimatedTabBarDemo */,
				7E9700F71EF1BD6D0059B0EC /* AnimatedTabBarDemoTests */,
				7E9701021EF1BD6D0059B0EC /* AnimatedTabBarDemoUITests */,
			);
		};
/* End PBXProject section */

/* Begin PBXResourcesBuildPhase section */
		7E9700E21EF1BD6D0059B0EC /* Resources */ = {
			isa = PBXResourcesBuildPhase;
			buildActionMask = 2147483647;
			files = (
				7E9701471EF1BDE40059B0EC /* Info.plist in Resources */,
				7E9701611EF1BED10059B0EC /* Images.xcassets in Resources */,
				7E9701641EF1BF820059B0EC /* ToolsAnimation.plist in Resources */,
				7E9700F21EF1BD6D0059B0EC /* LaunchScreen.storyboard in Resources */,
				7E9700ED1EF1BD6D0059B0EC /* Main.storyboard in Resources */,
			);
			runOnlyForDeploymentPostprocessing = 0;
		};
		7E9700F61EF1BD6D0059B0EC /* Resources */ = {
			isa = PBXResourcesBuildPhase;
			buildActionMask = 2147483647;
			files = (
			);
			runOnlyForDeploymentPostprocessing = 0;
		};
		7E9701011EF1BD6D0059B0EC /* Resources */ = {
			isa = PBXResourcesBuildPhase;
			buildActionMask = 2147483647;
			files = (
			);
			runOnlyForDeploymentPostprocessing = 0;
		};
/* End PBXResourcesBuildPhase section */

/* Begin PBXSourcesBuildPhase section */
		7E9700E01EF1BD6D0059B0EC /* Sources */ = {
			isa = PBXSourcesBuildPhase;
			buildActionMask = 2147483647;
			files = (
				7E97015A1EF1BE100059B0EC /* RAMFumeAnimation.swift in Sources */,
				7E97015C1EF1BE100059B0EC /* RAMTransitionItemAnimations.swift in Sources */,
				7E9701591EF1BE100059B0EC /* RAMFrameItemAnimation.swift in Sources */,
				7E9701581EF1BE100059B0EC /* RAMBounceAnimation.swift in Sources */,
				7E97015F1EF1BE100059B0EC /* RAMItemAnimationProtocol.swift in Sources */,
				7E97015E1EF1BE100059B0EC /* RAMBadge.swift in Sources */,
				7E9700EA1EF1BD6D0059B0EC /* ViewController.swift in Sources */,
				7E97015D1EF1BE100059B0EC /* RAMAnimatedTabBarController.swift in Sources */,
				7E9700E81EF1BD6D0059B0EC /* AppDelegate.swift in Sources */,
				7E97015B1EF1BE100059B0EC /* RAMRotationAnimation.swift in Sources */,
			);
			runOnlyForDeploymentPostprocessing = 0;
		};
		7E9700F41EF1BD6D0059B0EC /* Sources */ = {
			isa = PBXSourcesBuildPhase;
			buildActionMask = 2147483647;
			files = (
				7E9700FD1EF1BD6D0059B0EC /* RAMAnimatedTabBarDemoTests.swift in Sources */,
			);
			runOnlyForDeploymentPostprocessing = 0;
		};
		7E9700FF1EF1BD6D0059B0EC /* Sources */ = {
			isa = PBXSourcesBuildPhase;
			buildActionMask = 2147483647;
			files = (
				7E9701081EF1BD6D0059B0EC /* RAMAnimatedTabBarDemoUITests.swift in Sources */,
			);
			runOnlyForDeploymentPostprocessing = 0;
		};
/* End PBXSourcesBuildPhase section */

/* Begin PBXTargetDependency section */
		7E9700FA1EF1BD6D0059B0EC /* PBXTargetDependency */ = {
			isa = PBXTargetDependency;
			target = 7E9700E31EF1BD6D0059B0EC /* AnimatedTabBarDemo */;
			targetProxy = 7E9700F91EF1BD6D0059B0EC /* PBXContainerItemProxy */;
		};
		7E9701051EF1BD6D0059B0EC /* PBXTargetDependency */ = {
			isa = PBXTargetDependency;
			target = 7E9700E31EF1BD6D0059B0EC /* AnimatedTabBarDemo */;
			targetProxy = 7E9701041EF1BD6D0059B0EC /* PBXContainerItemProxy */;
		};
/* End PBXTargetDependency section */

/* Begin PBXVariantGroup section */
		7E9700EB1EF1BD6D0059B0EC /* Main.storyboard */ = {
			isa = PBXVariantGroup;
			children = (
				7E9700EC1EF1BD6D0059B0EC /* Base */,
			);
			name = Main.storyboard;
			sourceTree = "<group>";
		};
		7E9700F01EF1BD6D0059B0EC /* LaunchScreen.storyboard */ = {
			isa = PBXVariantGroup;
			children = (
				7E9700F11EF1BD6D0059B0EC /* Base */,
			);
			name = LaunchScreen.storyboard;
			sourceTree = "<group>";
		};
/* End PBXVariantGroup section */

/* Begin XCBuildConfiguration section */
		7E97010A1EF1BD6D0059B0EC /* Debug */ = {
			isa = XCBuildConfiguration;
			buildSettings = {
				ALWAYS_SEARCH_USER_PATHS = NO;
				CLANG_ANALYZER_NONNULL = YES;
				CLANG_ANALYZER_NUMBER_OBJECT_CONVERSION = YES_AGGRESSIVE;
				CLANG_CXX_LANGUAGE_STANDARD = "gnu++0x";
				CLANG_CXX_LIBRARY = "libc++";
				CLANG_ENABLE_MODULES = YES;
				CLANG_ENABLE_OBJC_ARC = YES;
				CLANG_WARN_BOOL_CONVERSION = YES;
				CLANG_WARN_CONSTANT_CONVERSION = YES;
				CLANG_WARN_DIRECT_OBJC_ISA_USAGE = YES_ERROR;
				CLANG_WARN_DOCUMENTATION_COMMENTS = YES;
				CLANG_WARN_EMPTY_BODY = YES;
				CLANG_WARN_ENUM_CONVERSION = YES;
				CLANG_WARN_INFINITE_RECURSION = YES;
				CLANG_WARN_INT_CONVERSION = YES;
				CLANG_WARN_OBJC_ROOT_CLASS = YES_ERROR;
				CLANG_WARN_SUSPICIOUS_MOVE = YES;
				CLANG_WARN_UNREACHABLE_CODE = YES;
				CLANG_WARN__DUPLICATE_METHOD_MATCH = YES;
				"CODE_SIGN_IDENTITY[sdk=iphoneos*]" = "iPhone Developer";
				COPY_PHASE_STRIP = NO;
				DEBUG_INFORMATION_FORMAT = dwarf;
				ENABLE_STRICT_OBJC_MSGSEND = YES;
				ENABLE_TESTABILITY = YES;
				GCC_C_LANGUAGE_STANDARD = gnu99;
				GCC_DYNAMIC_NO_PIC = NO;
				GCC_NO_COMMON_BLOCKS = YES;
				GCC_OPTIMIZATION_LEVEL = 0;
				GCC_PREPROCESSOR_DEFINITIONS = (
					"DEBUG=1",
					"$(inherited)",
				);
				GCC_WARN_64_TO_32_BIT_CONVERSION = YES;
				GCC_WARN_ABOUT_RETURN_TYPE = YES_ERROR;
				GCC_WARN_UNDECLARED_SELECTOR = YES;
				GCC_WARN_UNINITIALIZED_AUTOS = YES_AGGRESSIVE;
				GCC_WARN_UNUSED_FUNCTION = YES;
				GCC_WARN_UNUSED_VARIABLE = YES;
				IPHONEOS_DEPLOYMENT_TARGET = 10.3;
				MTL_ENABLE_DEBUG_INFO = YES;
				ONLY_ACTIVE_ARCH = YES;
				SDKROOT = iphoneos;
				SWIFT_ACTIVE_COMPILATION_CONDITIONS = DEBUG;
				SWIFT_OPTIMIZATION_LEVEL = "-Onone";
			};
			name = Debug;
		};
		7E97010B1EF1BD6D0059B0EC /* Release */ = {
			isa = XCBuildConfiguration;
			buildSettings = {
				ALWAYS_SEARCH_USER_PATHS = NO;
				CLANG_ANALYZER_NONNULL = YES;
				CLANG_ANALYZER_NUMBER_OBJECT_CONVERSION = YES_AGGRESSIVE;
				CLANG_CXX_LANGUAGE_STANDARD = "gnu++0x";
				CLANG_CXX_LIBRARY = "libc++";
				CLANG_ENABLE_MODULES = YES;
				CLANG_ENABLE_OBJC_ARC = YES;
				CLANG_WARN_BOOL_CONVERSION = YES;
				CLANG_WARN_CONSTANT_CONVERSION = YES;
				CLANG_WARN_DIRECT_OBJC_ISA_USAGE = YES_ERROR;
				CLANG_WARN_DOCUMENTATION_COMMENTS = YES;
				CLANG_WARN_EMPTY_BODY = YES;
				CLANG_WARN_ENUM_CONVERSION = YES;
				CLANG_WARN_INFINITE_RECURSION = YES;
				CLANG_WARN_INT_CONVERSION = YES;
				CLANG_WARN_OBJC_ROOT_CLASS = YES_ERROR;
				CLANG_WARN_SUSPICIOUS_MOVE = YES;
				CLANG_WARN_UNREACHABLE_CODE = YES;
				CLANG_WARN__DUPLICATE_METHOD_MATCH = YES;
				"CODE_SIGN_IDENTITY[sdk=iphoneos*]" = "iPhone Developer";
				COPY_PHASE_STRIP = NO;
				DEBUG_INFORMATION_FORMAT = "dwarf-with-dsym";
				ENABLE_NS_ASSERTIONS = NO;
				ENABLE_STRICT_OBJC_MSGSEND = YES;
				GCC_C_LANGUAGE_STANDARD = gnu99;
				GCC_NO_COMMON_BLOCKS = YES;
				GCC_WARN_64_TO_32_BIT_CONVERSION = YES;
				GCC_WARN_ABOUT_RETURN_TYPE = YES_ERROR;
				GCC_WARN_UNDECLARED_SELECTOR = YES;
				GCC_WARN_UNINITIALIZED_AUTOS = YES_AGGRESSIVE;
				GCC_WARN_UNUSED_FUNCTION = YES;
				GCC_WARN_UNUSED_VARIABLE = YES;
				IPHONEOS_DEPLOYMENT_TARGET = 10.3;
				MTL_ENABLE_DEBUG_INFO = NO;
				SDKROOT = iphoneos;
				SWIFT_OPTIMIZATION_LEVEL = "-Owholemodule";
				VALIDATE_PRODUCT = YES;
			};
			name = Release;
		};
		7E97010D1EF1BD6D0059B0EC /* Debug */ = {
			isa = XCBuildConfiguration;
			buildSettings = {
				ASSETCATALOG_COMPILER_APPICON_NAME = AppIcon;
				DEVELOPMENT_TEAM = U47Q3369SJ;
				INFOPLIST_FILE = RAMAnimatedTabBarDemo/Info.plist;
				LD_RUNPATH_SEARCH_PATHS = "$(inherited) @executable_path/Frameworks";
				PRODUCT_BUNDLE_IDENTIFIER = com.702shifters.RAMAnimatedTabBarDemo;
				PRODUCT_NAME = "$(TARGET_NAME)";
				SWIFT_VERSION = 3.0;
			};
			name = Debug;
		};
		7E97010E1EF1BD6D0059B0EC /* Release */ = {
			isa = XCBuildConfiguration;
			buildSettings = {
				ASSETCATALOG_COMPILER_APPICON_NAME = AppIcon;
				DEVELOPMENT_TEAM = U47Q3369SJ;
				INFOPLIST_FILE = RAMAnimatedTabBarDemo/Info.plist;
				LD_RUNPATH_SEARCH_PATHS = "$(inherited) @executable_path/Frameworks";
				PRODUCT_BUNDLE_IDENTIFIER = com.702shifters.RAMAnimatedTabBarDemo;
				PRODUCT_NAME = "$(TARGET_NAME)";
				SWIFT_VERSION = 3.0;
			};
			name = Release;
		};
		7E9701101EF1BD6D0059B0EC /* Debug */ = {
			isa = XCBuildConfiguration;
			buildSettings = {
				ALWAYS_EMBED_SWIFT_STANDARD_LIBRARIES = YES;
				BUNDLE_LOADER = "$(TEST_HOST)";
				DEVELOPMENT_TEAM = U47Q3369SJ;
				INFOPLIST_FILE = RAMAnimatedTabBarDemoTests/Info.plist;
				LD_RUNPATH_SEARCH_PATHS = "$(inherited) @executable_path/Frameworks @loader_path/Frameworks";
				PRODUCT_BUNDLE_IDENTIFIER = com.702shifters.RAMAnimatedTabBarDemoTests;
				PRODUCT_NAME = "$(TARGET_NAME)";
				SWIFT_VERSION = 3.0;
				TEST_HOST = "$(BUILT_PRODUCTS_DIR)/AnimatedTabBarDemo.app/AnimatedTabBarDemo";
			};
			name = Debug;
		};
		7E9701111EF1BD6D0059B0EC /* Release */ = {
			isa = XCBuildConfiguration;
			buildSettings = {
				ALWAYS_EMBED_SWIFT_STANDARD_LIBRARIES = YES;
				BUNDLE_LOADER = "$(TEST_HOST)";
				DEVELOPMENT_TEAM = U47Q3369SJ;
				INFOPLIST_FILE = RAMAnimatedTabBarDemoTests/Info.plist;
				LD_RUNPATH_SEARCH_PATHS = "$(inherited) @executable_path/Frameworks @loader_path/Frameworks";
				PRODUCT_BUNDLE_IDENTIFIER = com.702shifters.RAMAnimatedTabBarDemoTests;
				PRODUCT_NAME = "$(TARGET_NAME)";
				SWIFT_VERSION = 3.0;
				TEST_HOST = "$(BUILT_PRODUCTS_DIR)/AnimatedTabBarDemo.app/AnimatedTabBarDemo";
			};
			name = Release;
		};
		7E9701131EF1BD6D0059B0EC /* Debug */ = {
			isa = XCBuildConfiguration;
			buildSettings = {
				ALWAYS_EMBED_SWIFT_STANDARD_LIBRARIES = YES;
				DEVELOPMENT_TEAM = U47Q3369SJ;
				INFOPLIST_FILE = RAMAnimatedTabBarDemoUITests/Info.plist;
				LD_RUNPATH_SEARCH_PATHS = "$(inherited) @executable_path/Frameworks @loader_path/Frameworks";
				PRODUCT_BUNDLE_IDENTIFIER = com.702shifters.RAMAnimatedTabBarDemoUITests;
				PRODUCT_NAME = "$(TARGET_NAME)";
				SWIFT_VERSION = 3.0;
				TEST_TARGET_NAME = RAMAnimatedTabBarDemo;
			};
			name = Debug;
		};
		7E9701141EF1BD6D0059B0EC /* Release */ = {
			isa = XCBuildConfiguration;
			buildSettings = {
				ALWAYS_EMBED_SWIFT_STANDARD_LIBRARIES = YES;
				DEVELOPMENT_TEAM = U47Q3369SJ;
				INFOPLIST_FILE = RAMAnimatedTabBarDemoUITests/Info.plist;
				LD_RUNPATH_SEARCH_PATHS = "$(inherited) @executable_path/Frameworks @loader_path/Frameworks";
				PRODUCT_BUNDLE_IDENTIFIER = com.702shifters.RAMAnimatedTabBarDemoUITests;
				PRODUCT_NAME = "$(TARGET_NAME)";
				SWIFT_VERSION = 3.0;
				TEST_TARGET_NAME = RAMAnimatedTabBarDemo;
			};
			name = Release;
		};
/* End XCBuildConfiguration section */

/* Begin XCConfigurationList section */
		7E9700DF1EF1BD6D0059B0EC /* Build configuration list for PBXProject "AnimatedTabBarDemo" */ = {
			isa = XCConfigurationList;
			buildConfigurations = (
				7E97010A1EF1BD6D0059B0EC /* Debug */,
				7E97010B1EF1BD6D0059B0EC /* Release */,
			);
			defaultConfigurationIsVisible = 0;
			defaultConfigurationName = Release;
		};
		7E97010C1EF1BD6D0059B0EC /* Build configuration list for PBXNativeTarget "AnimatedTabBarDemo" */ = {
			isa = XCConfigurationList;
			buildConfigurations = (
				7E97010D1EF1BD6D0059B0EC /* Debug */,
				7E97010E1EF1BD6D0059B0EC /* Release */,
			);
			defaultConfigurationIsVisible = 0;
			defaultConfigurationName = Release;
		};
		7E97010F1EF1BD6D0059B0EC /* Build configuration list for PBXNativeTarget "AnimatedTabBarDemoTests" */ = {
			isa = XCConfigurationList;
			buildConfigurations = (
				7E9701101EF1BD6D0059B0EC /* Debug */,
				7E9701111EF1BD6D0059B0EC /* Release */,
			);
			defaultConfigurationIsVisible = 0;
			defaultConfigurationName = Release;
		};
		7E9701121EF1BD6D0059B0EC /* Build configuration list for PBXNativeTarget "AnimatedTabBarDemoUITests" */ = {
			isa = XCConfigurationList;
			buildConfigurations = (
				7E9701131EF1BD6D0059B0EC /* Debug */,
				7E9701141EF1BD6D0059B0EC /* Release */,
			);
			defaultConfigurationIsVisible = 0;
			defaultConfigurationName = Release;
		};
/* End XCConfigurationList section */
	};
	rootObject = 7E9700DC1EF1BD6D0059B0EC /* Project object */;
}
